
Microsoft Visual Studio Solution File, Format Version 12.00
# Visual Studio Version 16
VisualStudioVersion = 16.0.31105.61
MinimumVisualStudioVersion = 10.0.40219.1
Project("{FAE04EC0-301F-11D3-BF4B-00C04F79EFBC}") = "RabbitMQExample", "RabbitMQExample.csproj", "{F586C87C-F445-416C-AF23-9D359728CBE3}"
EndProject
Global
	GlobalSection(SolutionConfigurationPlatforms) = preSolution
		Debug|Any CPU = Debug|Any CPU
		Release|Any CPU = Release|Any CPU
	EndGlobalSection
	GlobalSection(ProjectConfigurationPlatforms) = postSolution
		{F586C87C-F445-416C-AF23-9D359728CBE3}.Debug|Any CPU.ActiveCfg = Debug|Any CPU
		{F586C87C-F445-416C-AF23-9D359728CBE3}.Debug|Any CPU.Build.0 = Debug|Any CPU
		{F586C87C-F445-416C-AF23-9D359728CBE3}.Release|Any CPU.ActiveCfg = Release|Any CPU
		{F586C87C-F445-416C-AF23-9D359728CBE3}.Release|Any CPU.Build.0 = Release|Any CPU
	EndGlobalSection
	GlobalSection(SolutionProperties) = preSolution
		HideSolutionNode = FALSE
	EndGlobalSection
	GlobalSection(ExtensibilityGlobals) = postSolution
		SolutionGuid = {863023D7-A487-4CB9-B403-1B67B63D7909}
	EndGlobalSection
EndGlobal
